<?xml version="1.0" encoding="utf-8"?>
<Project ToolsVersion="4.0" xmlns="http://schemas.microsoft.com/developer/msbuild/2003">
  <ItemGroup>
    <Filter Include="Source Files">
      <UniqueIdentifier>{4FC737F1-C7A5-4376-A066-2A32D752A2FF}</UniqueIdentifier>
      <Extensions>cpp;c;cc;cxx;c++;cppm;ixx;def;odl;idl;hpj;bat;asm;asmx</Extensions>
    </Filter>
    <Filter Include="Header Files">
      <UniqueIdentifier>{93995380-89BD-4b04-88EB-625FBE52EBFB}</UniqueIdentifier>
      <Extensions>h;hh;hpp;hxx;h++;hm;inl;inc;ipp;xsd</Extensions>
    </Filter>
    <Filter Include="Resource Files">
      <UniqueIdentifier>{67DA6AB6-F800-4c08-8B7A-83BB121AAD01}</UniqueIdentifier>
      <Extensions>rc;ico;cur;bmp;dlg;rc2;rct;bin;rgs;gif;jpg;jpeg;jpe;resx;tiff;tif;png;wav;mfcribbon-ms</Extensions>
    </Filter>
    <Filter Include="Lexer">
      <UniqueIdentifier>{918d38c2-d8d3-4777-aec5-41a1cc9aebec}</UniqueIdentifier>
    </Filter>
    <Filter Include="Parser">
      <UniqueIdentifier>{03a9dea6-e5ec-49b7-b4b2-7bf10a143970}</UniqueIdentifier>
    </Filter>
    <Filter Include="AST">
      <UniqueIdentifier>{8d4a05bb-ece2-4978-a0eb-ea94e82a72d7}</UniqueIdentifier>
    </Filter>
    <Filter Include="Semantic">
      <UniqueIdentifier>{420ab561-5307-4d48-b2df-5c61ec48136a}</UniqueIdentifier>
    </Filter>
    <Filter Include="IR">
      <UniqueIdentifier>{7c5f6bec-e56d-435f-b326-ca3c215bf2a0}</UniqueIdentifier>
    </Filter>
    <Filter Include="CodeGen">
      <UniqueIdentifier>{5d41f278-eaf8-4407-b555-5fcfa67ef069}</UniqueIdentifier>
    </Filter>
    <Filter Include="Driver">
      <UniqueIdentifier>{7608517e-f782-4332-9139-56ccdf54c9b0}</UniqueIdentifier>
    </Filter>
  </ItemGroup>
  <ItemGroup>
    <ClCompile Include="lexer.cpp">
      <Filter>Lexer</Filter>
    </ClCompile>
    <ClCompile Include="driver.cpp">
      <Filter>Driver</Filter>
    </ClCompile>
    <ClCompile Include="parser.cpp">
      <Filter>Parser</Filter>
    </ClCompile>
  </ItemGroup>
  <ItemGroup>
    <ClInclude Include="lexer.h">
      <Filter>Lexer</Filter>
    </ClInclude>
    <ClInclude Include="driver.h">
      <Filter>Driver</Filter>
    </ClInclude>
    <ClInclude Include="parser.h">
      <Filter>Parser</Filter>
    </ClInclude>
  </ItemGroup>
  <ItemGroup>
    <Text Include="test.txt" />
    <Text Include="ContextFreeGrammar.txt" />
  </ItemGroup>
</Project>